{
  "nodes": {
    "crane": {
      "locked": {
        "lastModified": 1737043220,
        "narHash": "sha256-7tNYtgUFuBR2MozZVCsU987ZYKRELeWUCdEhO27OOiw=",
        "owner": "hoprnet",
        "repo": "crane",
        "rev": "b168a5255524d3509438d4a759562f4c55cac497",
        "type": "github"
      },
      "original": {
        "owner": "hoprnet",
        "ref": "tb/20240117-find-filter-2",
        "repo": "crane",
        "type": "github"
      }
    },
    "flake-compat": {
      "flake": false,
      "locked": {
        "lastModified": 1696426674,
        "narHash": "sha256-kvjfFW7WAETZlt09AgDn1MrtKzP7t90Vf7vypd3OL1U=",
        "owner": "edolstra",
        "repo": "flake-compat",
        "rev": "0f9255e01c2351cc7d116c072cb317785dd33b33",
        "type": "github"
      },
      "original": {
        "owner": "edolstra",
        "repo": "flake-compat",
        "type": "github"
      }
    },
    "flake-parts": {
      "inputs": {
        "nixpkgs-lib": [
          "nixpkgs"
        ]
      },
      "locked": {
        "lastModified": 1738453229,
        "narHash": "sha256-7H9XgNiGLKN1G1CgRh0vUL4AheZSYzPm+zmZ7vxbJdo=",
        "owner": "hercules-ci",
        "repo": "flake-parts",
        "rev": "32ea77a06711b758da0ad9bd6a844c5740a87abd",
        "type": "github"
      },
      "original": {
        "owner": "hercules-ci",
        "repo": "flake-parts",
        "type": "github"
      }
    },
    "flake-root": {
      "locked": {
        "lastModified": 1723604017,
        "narHash": "sha256-rBtQ8gg+Dn4Sx/s+pvjdq3CB2wQNzx9XGFq/JVGCB6k=",
        "owner": "srid",
        "repo": "flake-root",
        "rev": "b759a56851e10cb13f6b8e5698af7b59c44be26e",
        "type": "github"
      },
      "original": {
        "owner": "srid",
        "repo": "flake-root",
        "type": "github"
      }
    },
    "flake-utils": {
      "inputs": {
        "systems": "systems"
      },
      "locked": {
        "lastModified": 1731533236,
        "narHash": "sha256-l0KFg5HjrsfsO/JpG+r7fRrqm12kzFHyUHqHCVpMMbI=",
        "owner": "numtide",
        "repo": "flake-utils",
        "rev": "11707dc2f618dd54ca8739b309ec4fc024de578b",
        "type": "github"
      },
      "original": {
        "owner": "numtide",
        "repo": "flake-utils",
        "type": "github"
      }
    },
    "foundry": {
      "inputs": {
        "flake-utils": [
          "flake-utils"
        ],
        "nixpkgs": [
          "nixpkgs"
        ]
      },
      "locked": {
        "lastModified": 1727428214,
        "narHash": "sha256-bTVooXVEFBGeq8oFRrezf0TzM8sN+MIVKtNTD6L+GqU=",
        "owner": "shazow",
        "repo": "foundry.nix",
        "rev": "e4c79767b4d2e51179d1975a9f0553ef30d82711",
        "type": "github"
      },
      "original": {
        "owner": "shazow",
        "repo": "foundry.nix",
        "rev": "e4c79767b4d2e51179d1975a9f0553ef30d82711",
        "type": "github"
      }
    },
    "gitignore": {
      "inputs": {
        "nixpkgs": [
          "pre-commit",
          "nixpkgs"
        ]
      },
      "locked": {
        "lastModified": 1709087332,
        "narHash": "sha256-HG2cCnktfHsKV0s4XW83gU3F57gaTljL9KNSuG6bnQs=",
        "owner": "hercules-ci",
        "repo": "gitignore.nix",
        "rev": "637db329424fd7e46cf4185293b9cc8c88c95394",
        "type": "github"
      },
      "original": {
        "owner": "hercules-ci",
        "repo": "gitignore.nix",
        "type": "github"
      }
    },
    "nixpkgs": {
      "locked": {
        "lastModified": 1740128516,
        "narHash": "sha256-5xScSV6FDA8x3afP7GuGHpXt9/X7CxjL3fbmVqD893w=",
        "owner": "NixOS",
        "repo": "nixpkgs",
        "rev": "16e93a2b6327a7762598610827ff21bc9ef7323e",
        "type": "github"
      },
      "original": {
        "owner": "NixOS",
        "ref": "release-24.11",
        "repo": "nixpkgs",
        "type": "github"
      }
    },
    "pre-commit": {
      "inputs": {
        "flake-compat": "flake-compat",
        "gitignore": "gitignore",
        "nixpkgs": [
          "nixpkgs"
        ]
      },
      "locked": {
        "lastModified": 1737465171,
        "narHash": "sha256-R10v2hoJRLq8jcL4syVFag7nIGE7m13qO48wRIukWNg=",
        "owner": "cachix",
        "repo": "pre-commit-hooks.nix",
        "rev": "9364dc02281ce2d37a1f55b6e51f7c0f65a75f17",
        "type": "github"
      },
      "original": {
        "owner": "cachix",
        "repo": "pre-commit-hooks.nix",
        "type": "github"
      }
    },
    "root": {
      "inputs": {
        "crane": "crane",
        "flake-parts": "flake-parts",
        "flake-root": "flake-root",
        "flake-utils": "flake-utils",
        "foundry": "foundry",
        "nixpkgs": "nixpkgs",
        "pre-commit": "pre-commit",
        "rust-overlay": "rust-overlay",
        "solc": "solc",
        "treefmt-nix": "treefmt-nix"
      }
    },
    "rust-overlay": {
      "inputs": {
        "nixpkgs": [
          "nixpkgs"
        ]
      },
      "locked": {
        "lastModified": 1740104932,
        "narHash": "sha256-FaN+HBAhOW1wAjxPI/Ko1DX0ax4ucHCZoMJ0dGMxm8o=",
        "owner": "oxalica",
        "repo": "rust-overlay",
        "rev": "c932b3873a5d56126bc1f1416fb8a58315f86c17",
        "type": "github"
      },
      "original": {
        "owner": "oxalica",
        "ref": "master",
        "repo": "rust-overlay",
        "type": "github"
      }
    },
    "solc": {
      "inputs": {
        "flake-utils": [
          "flake-utils"
        ],
        "nixpkgs": [
          "nixpkgs"
        ]
      },
      "locked": {
        "lastModified": 1708511980,
        "narHash": "sha256-Nf04LYEAMDZ+H4s0t7/PIV6Xe9lHuCnNM3qESlIhJl4=",
        "owner": "hoprnet",
        "repo": "solc.nix",
        "rev": "29a2a4a0c0787bcffdebcb0046c1b5a43f955ef3",
        "type": "github"
      },
      "original": {
        "owner": "hoprnet",
        "ref": "tb/20240129-solc-0.8.24",
        "repo": "solc.nix",
        "type": "github"
      }
    },
    "systems": {
      "locked": {
        "lastModified": 1681028828,
        "narHash": "sha256-Vy1rq5AaRuLzOxct8nz4T6wlgyUR7zLU309k9mBC768=",
        "owner": "nix-systems",
        "repo": "default",
        "rev": "da67096a3b9bf56a91d16901293e51ba5b49a27e",
        "type": "github"
      },
      "original": {
        "owner": "nix-systems",
        "repo": "default",
        "type": "github"
      }
    },
    "treefmt-nix": {
      "inputs": {
        "nixpkgs": [
          "nixpkgs"
        ]
      },
      "locked": {
        "lastModified": 1739829690,
        "narHash": "sha256-mL1szCeIsjh6Khn3nH2cYtwO5YXG6gBiTw1A30iGeDU=",
        "owner": "numtide",
        "repo": "treefmt-nix",
        "rev": "3d0579f5cc93436052d94b73925b48973a104204",
        "type": "github"
      },
      "original": {
        "owner": "numtide",
        "repo": "treefmt-nix",
        "type": "github"
      }
    }
  },
  "root": "root",
  "version": 7
}
