# THIS IS AN AUTOGENERATED FILE. DO NOT EDIT THIS FILE DIRECTLY.
# yarn lockfile v1


"@types/abstract-leveldown@*":
  version "5.0.1"
  resolved "https://registry.yarnpkg.com/@types/abstract-leveldown/-/abstract-leveldown-5.0.1.tgz#3c7750d0186b954c7f2d2f6acc8c3c7ba0c3412e"
  integrity sha512-wYxU3kp5zItbxKmeRYCEplS2MW7DzyBnxPGj+GJVHZEUZiK/nn5Ei1sUFgURDh+X051+zsGe28iud3oHjrYWQQ==

"@types/bn.js@^4.11.6":
  version "4.11.6"
  resolved "https://registry.yarnpkg.com/@types/bn.js/-/bn.js-4.11.6.tgz#c306c70d9358aaea33cd4eda092a742b9505967c"
  integrity sha512-pqr857jrp2kPuO9uRjZ3PwnJTjoQy+fcdxvBTvHm6dkmEL9q+hDD/2j/0ELOBPtPnS8LjCX0gI9nbl8lVkadpg==
  dependencies:
    "@types/node" "*"

"@types/levelup@^4.3.0":
  version "4.3.0"
  resolved "https://registry.yarnpkg.com/@types/levelup/-/levelup-4.3.0.tgz#4f55585e05a33caa08c1439c344bbba93e947327"
  integrity sha512-h82BoajhjU/zwLoM4BUBX/SCodCFi1ae/ZlFOYh5Z4GbHeaXj9H709fF1LYl/StrK8KSwnJOeMRPo9lnC6sz4w==
  dependencies:
    "@types/abstract-leveldown" "*"
    "@types/node" "*"

"@types/node@*":
  version "13.7.4"
  resolved "https://registry.yarnpkg.com/@types/node/-/node-13.7.4.tgz#76c3cb3a12909510f52e5dc04a6298cdf9504ffd"
  integrity sha512-oVeL12C6gQS/GAExndigSaLxTrKpQPxewx9bOcwfvJiJge4rr7wNaph4J+ns5hrmIV2as5qxqN8YKthn9qh0jw==
