# THIS IS AN AUTOGENERATED FILE. DO NOT EDIT THIS FILE DIRECTLY.
# yarn lockfile v1


"@types/abstract-leveldown@*":
  version "5.0.1"
  resolved "https://registry.yarnpkg.com/@types/abstract-leveldown/-/abstract-leveldown-5.0.1.tgz#3c7750d0186b954c7f2d2f6acc8c3c7ba0c3412e"
  integrity sha512-wYxU3kp5zItbxKmeRYCEplS2MW7DzyBnxPGj+GJVHZEUZiK/nn5Ei1sUFgURDh+X051+zsGe28iud3oHjrYWQQ==

"@types/bn.js@^4.11.6":
  version "4.11.6"
  resolved "https://registry.yarnpkg.com/@types/bn.js/-/bn.js-4.11.6.tgz#c306c70d9358aaea33cd4eda092a742b9505967c"
  integrity sha512-pqr857jrp2kPuO9uRjZ3PwnJTjoQy+fcdxvBTvHm6dkmEL9q+hDD/2j/0ELOBPtPnS8LjCX0gI9nbl8lVkadpg==
  dependencies:
    "@types/node" "*"

"@types/levelup@^4.3.0":
  version "4.3.0"
  resolved "https://registry.yarnpkg.com/@types/levelup/-/levelup-4.3.0.tgz#4f55585e05a33caa08c1439c344bbba93e947327"
  integrity sha512-h82BoajhjU/zwLoM4BUBX/SCodCFi1ae/ZlFOYh5Z4GbHeaXj9H709fF1LYl/StrK8KSwnJOeMRPo9lnC6sz4w==
  dependencies:
    "@types/abstract-leveldown" "*"
    "@types/node" "*"

"@types/node@*":
  version "14.11.8"
  resolved "https://registry.yarnpkg.com/@types/node/-/node-14.11.8.tgz#fe2012f2355e4ce08bca44aeb3abbb21cf88d33f"
  integrity sha512-KPcKqKm5UKDkaYPTuXSx8wEP7vE9GnuaXIZKijwRYcePpZFDVuy2a57LarFKiORbHOuTOOwYzxVxcUzsh2P2Pw==

typescript@4.0:
  version "4.0.5"
  resolved "https://registry.yarnpkg.com/typescript/-/typescript-4.0.5.tgz#ae9dddfd1069f1cb5beb3ef3b2170dd7c1332389"
  integrity sha512-ywmr/VrTVCmNTJ6iV2LwIrfG1P+lv6luD8sUJs+2eI9NLGigaN+nUQc13iHqisq7bra9lnmUSYqbJvegraBOPQ==
