# THIS IS AN AUTOGENERATED FILE. DO NOT EDIT THIS FILE DIRECTLY.
# yarn lockfile v1


gitbook-plugin-head-append@^1.1.1:
  version "1.1.1"
  resolved "https://registry.yarnpkg.com/gitbook-plugin-head-append/-/gitbook-plugin-head-append-1.1.1.tgz#068e80d55fba2206b90b869b23cb2d9792d59ebf"
  integrity sha512-rdKmZseklmAXEdDo+5HtEeElOqsTAYwiEui1ssh1q1TPjhlOj1D4RenJZNcgy49hy4/enbUuuOzAzvxxBPpnDA==
