# THIS IS AN AUTOGENERATED FILE. DO NOT EDIT THIS FILE DIRECTLY.
# yarn lockfile v1


gitbook-plugin-meta@^0.1.12:
  version "0.1.12"
  resolved "https://registry.yarnpkg.com/gitbook-plugin-meta/-/gitbook-plugin-meta-0.1.12.tgz#d3bf9a1d4978b0eeb9c4206e41d7edcb3a4cce62"
  integrity sha1-07+aHUl4sO65xCBuQdftyzpMzmI=
